// !$*UTF8*$!
{
	archiveVersion = 1;
	classes = {
	};
	objectVersion = 46;
	objects = {

/* Begin PBXBuildFile section */
		397665BF1F0B4BDF0008D335 /* AppDelegate.swift in Sources */ = {isa = PBXBuildFile; fileRef = 397665BE1F0B4BDF0008D335 /* AppDelegate.swift */; };
		397665C11F0B4BDF0008D335 /* ViewController.swift in Sources */ = {isa = PBXBuildFile; fileRef = 397665C01F0B4BDF0008D335 /* ViewController.swift */; };
		397665C41F0B4BDF0008D335 /* Main.storyboard in Resources */ = {isa = PBXBuildFile; fileRef = 397665C21F0B4BDF0008D335 /* Main.storyboard */; };
		397665C61F0B4BDF0008D335 /* Assets.xcassets in Resources */ = {isa = PBXBuildFile; fileRef = 397665C51F0B4BDF0008D335 /* Assets.xcassets */; };
		397665C91F0B4BDF0008D335 /* LaunchScreen.storyboard in Resources */ = {isa = PBXBuildFile; fileRef = 397665C71F0B4BDF0008D335 /* LaunchScreen.storyboard */; };
		398508381F0C17F40033100A /* CalculatorBrain.swift in Sources */ = {isa = PBXBuildFile; fileRef = 398508371F0C17F40033100A /* CalculatorBrain.swift */; };
/* End PBXBuildFile section */

/* Begin PBXFileReference section */
		397665BB1F0B4BDF0008D335 /* Calculator.app */ = {isa = PBXFileReference; explicitFileType = wrapper.application; includeInIndex = 0; path = Calculator.app; sourceTree = BUILT_PRODUCTS_DIR; };
		397665BE1F0B4BDF0008D335 /* AppDelegate.swift */ = {isa = PBXFileReference; lastKnownFileType = sourcecode.swift; path = AppDelegate.swift; sourceTree = "<group>"; };
		397665C01F0B4BDF0008D335 /* ViewController.swift */ = {isa = PBXFileReference; lastKnownFileType = sourcecode.swift; path = ViewController.swift; sourceTree = "<group>"; };
		397665C31F0B4BDF0008D335 /* Base */ = {isa = PBXFileReference; lastKnownFileType = file.storyboard; name = Base; path = Base.lproj/Main.storyboard; sourceTree = "<group>"; };
		397665C51F0B4BDF0008D335 /* Assets.xcassets */ = {isa = PBXFileReference; lastKnownFileType = folder.assetcatalog; path = Assets.xcassets; sourceTree = "<group>"; };
		397665C81F0B4BDF0008D335 /* Base */ = {isa = PBXFileReference; lastKnownFileType = file.storyboard; name = Base; path = Base.lproj/LaunchScreen.storyboard; sourceTree = "<group>"; };
		397665CA1F0B4BDF0008D335 /* Info.plist */ = {isa = PBXFileReference; lastKnownFileType = text.plist.xml; path = Info.plist; sourceTree = "<group>"; };
		398508371F0C17F40033100A /* CalculatorBrain.swift */ = {isa = PBXFileReference; fileEncoding = 4; lastKnownFileType = sourcecode.swift; path = CalculatorBrain.swift; sourceTree = "<group>"; };
/* End PBXFileReference section */

/* Begin PBXFrameworksBuildPhase section */
		397665B81F0B4BDF0008D335 /* Frameworks */ = {
			isa = PBXFrameworksBuildPhase;
			buildActionMask = 2147483647;
			files = (
			);
			runOnlyForDeploymentPostprocessing = 0;
		};
/* End PBXFrameworksBuildPhase section */

/* Begin PBXGroup section */
		397665B21F0B4BDF0008D335 = {
			isa = PBXGroup;
			children = (
				397665BD1F0B4BDF0008D335 /* Calculator */,
				397665BC1F0B4BDF0008D335 /* Products */,
			);
			sourceTree = "<group>";
		};
		397665BC1F0B4BDF0008D335 /* Products */ = {
			isa = PBXGroup;
			children = (
				397665BB1F0B4BDF0008D335 /* Calculator.app */,
			);
			name = Products;
			sourceTree = "<group>";
		};
		397665BD1F0B4BDF0008D335 /* Calculator */ = {
			isa = PBXGroup;
			children = (
				398508371F0C17F40033100A /* CalculatorBrain.swift */,
				397665C01F0B4BDF0008D335 /* ViewController.swift */,
				397665C21F0B4BDF0008D335 /* Main.storyboard */,
				398508361F0B83540033100A /* Supporting Files */,
			);
			path = Calculator;
			sourceTree = "<group>";
		};
		398508361F0B83540033100A /* Supporting Files */ = {
			isa = PBXGroup;
			children = (
				397665BE1F0B4BDF0008D335 /* AppDelegate.swift */,
				397665C51F0B4BDF0008D335 /* Assets.xcassets */,
				397665C71F0B4BDF0008D335 /* LaunchScreen.storyboard */,
				397665CA1F0B4BDF0008D335 /* Info.plist */,
			);
			name = "Supporting Files";
			sourceTree = "<group>";
		};
/* End PBXGroup section */

/* Begin PBXNativeTarget section */
		397665BA1F0B4BDF0008D335 /* Calculator */ = {
			isa = PBXNativeTarget;
			buildConfigurationList = 397665CD1F0B4BDF0008D335 /* Build configuration list for PBXNativeTarget "Calculator" */;
			buildPhases = (
				397665B71F0B4BDF0008D335 /* Sources */,
				397665B81F0B4BDF0008D335 /* Frameworks */,
				397665B91F0B4BDF0008D335 /* Resources */,
			);
			buildRules = (
			);
			dependencies = (
			);
			name = Calculator;
			productName = Calculator;
			productReference = 397665BB1F0B4BDF0008D335 /* Calculator.app */;
			productType = "com.apple.product-type.application";
		};
/* End PBXNativeTarget section */

/* Begin PBXProject section */
		397665B31F0B4BDF0008D335 /* Project object */ = {
			isa = PBXProject;
			attributes = {
				LastSwiftUpdateCheck = 0830;
				LastUpgradeCheck = 0830;
				ORGANIZATIONNAME = Dropquick;
				TargetAttributes = {
					397665BA1F0B4BDF0008D335 = {
						CreatedOnToolsVersion = 8.3.3;
						DevelopmentTeam = P5CU52HEKE;
						ProvisioningStyle = Automatic;
					};
				};
			};
			buildConfigurationList = 397665B61F0B4BDF0008D335 /* Build configuration list for PBXProject "Calculator" */;
			compatibilityVersion = "Xcode 3.2";
			developmentRegion = English;
			hasScannedForEncodings = 0;
			knownRegions = (
				en,
				Base,
			);
			mainGroup = 397665B21F0B4BDF0008D335;
			productRefGroup = 397665BC1F0B4BDF0008D335 /* Products */;
			projectDirPath = "";
			projectRoot = "";
			targets = (
				397665BA1F0B4BDF0008D335 /* Calculator */,
			);
		};
/* End PBXProject section */

/* Begin PBXResourcesBuildPhase section */
		397665B91F0B4BDF0008D335 /* Resources */ = {
			isa = PBXResourcesBuildPhase;
			buildActionMask = 2147483647;
			files = (
				397665C91F0B4BDF0008D335 /* LaunchScreen.storyboard in Resources */,
				397665C61F0B4BDF0008D335 /* Assets.xcassets in Resources */,
				397665C41F0B4BDF0008D335 /* Main.storyboard in Resources */,
			);
			runOnlyForDeploymentPostprocessing = 0;
		};
/* End PBXResourcesBuildPhase section */

/* Begin PBXSourcesBuildPhase section */
		397665B71F0B4BDF0008D335 /* Sources */ = {
			isa = PBXSourcesBuildPhase;
			buildActionMask = 2147483647;
			files = (
				398508381F0C17F40033100A /* CalculatorBrain.swift in Sources */,
				397665C11F0B4BDF0008D335 /* ViewController.swift in Sources */,
				397665BF1F0B4BDF0008D335 /* AppDelegate.swift in Sources */,
			);
			runOnlyForDeploymentPostprocessing = 0;
		};
/* End PBXSourcesBuildPhase section */

/* Begin PBXVariantGroup section */
		397665C21F0B4BDF0008D335 /* Main.storyboard */ = {
			isa = PBXVariantGroup;
			children = (
				397665C31F0B4BDF0008D335 /* Base */,
			);
			name = Main.storyboard;
			sourceTree = "<group>";
		};
		397665C71F0B4BDF0008D335 /* LaunchScreen.storyboard */ = {
			isa = PBXVariantGroup;
			children = (
				397665C81F0B4BDF0008D335 /* Base */,
			);
			name = LaunchScreen.storyboard;
			sourceTree = "<group>";
		};
/* End PBXVariantGroup section */

/* Begin XCBuildConfiguration section */
		397665CB1F0B4BDF0008D335 /* Debug */ = {
			isa = XCBuildConfiguration;
			buildSettings = {
				ALWAYS_SEARCH_USER_PATHS = NO;
				CLANG_ANALYZER_NONNULL = YES;
				CLANG_ANALYZER_NUMBER_OBJECT_CONVERSION = YES_AGGRESSIVE;
				CLANG_CXX_LANGUAGE_STANDARD = "gnu++0x";
				CLANG_CXX_LIBRARY = "libc++";
				CLANG_ENABLE_MODULES = YES;
				CLANG_ENABLE_OBJC_ARC = YES;
				CLANG_WARN_BOOL_CONVERSION = YES;
				CLANG_WARN_CONSTANT_CONVERSION = YES;
				CLANG_WARN_DIRECT_OBJC_ISA_USAGE = YES_ERROR;
				CLANG_WARN_DOCUMENTATION_COMMENTS = YES;
				CLANG_WARN_EMPTY_BODY = YES;
				CLANG_WARN_ENUM_CONVERSION = YES;
				CLANG_WARN_INFINITE_RECURSION = YES;
				CLANG_WARN_INT_CONVERSION = YES;
				CLANG_WARN_OBJC_ROOT_CLASS = YES_ERROR;
				CLANG_WARN_SUSPICIOUS_MOVE = YES;
				CLANG_WARN_UNREACHABLE_CODE = YES;
				CLANG_WARN__DUPLICATE_METHOD_MATCH = YES;
				"CODE_SIGN_IDENTITY[sdk=iphoneos*]" = "iPhone Developer";
				COPY_PHASE_STRIP = NO;
				DEBUG_INFORMATION_FORMAT = dwarf;
				ENABLE_STRICT_OBJC_MSGSEND = YES;
				ENABLE_TESTABILITY = YES;
				GCC_C_LANGUAGE_STANDARD = gnu99;
				GCC_DYNAMIC_NO_PIC = NO;
				GCC_NO_COMMON_BLOCKS = YES;
				GCC_OPTIMIZATION_LEVEL = 0;
				GCC_PREPROCESSOR_DEFINITIONS = (
					"DEBUG=1",
					"$(inherited)",
				);
				GCC_WARN_64_TO_32_BIT_CONVERSION = YES;
				GCC_WARN_ABOUT_RETURN_TYPE = YES_ERROR;
				GCC_WARN_UNDECLARED_SELECTOR = YES;
				GCC_WARN_UNINITIALIZED_AUTOS = YES_AGGRESSIVE;
				GCC_WARN_UNUSED_FUNCTION = YES;
				GCC_WARN_UNUSED_VARIABLE = YES;
				IPHONEOS_DEPLOYMENT_TARGET = 10.3;
				MTL_ENABLE_DEBUG_INFO = YES;
				ONLY_ACTIVE_ARCH = YES;
				SDKROOT = iphoneos;
				SWIFT_ACTIVE_COMPILATION_CONDITIONS = DEBUG;
				SWIFT_OPTIMIZATION_LEVEL = "-Onone";
				TARGETED_DEVICE_FAMILY = "1,2";
			};
			name = Debug;
		};
		397665CC1F0B4BDF0008D335 /* Release */ = {
			isa = XCBuildConfiguration;
			buildSettings = {
				ALWAYS_SEARCH_USER_PATHS = NO;
				CLANG_ANALYZER_NONNULL = YES;
				CLANG_ANALYZER_NUMBER_OBJECT_CONVERSION = YES_AGGRESSIVE;
				CLANG_CXX_LANGUAGE_STANDARD = "gnu++0x";
				CLANG_CXX_LIBRARY = "libc++";
				CLANG_ENABLE_MODULES = YES;
				CLANG_ENABLE_OBJC_ARC = YES;
				CLANG_WARN_BOOL_CONVERSION = YES;
				CLANG_WARN_CONSTANT_CONVERSION = YES;
				CLANG_WARN_DIRECT_OBJC_ISA_USAGE = YES_ERROR;
				CLANG_WARN_DOCUMENTATION_COMMENTS = YES;
				CLANG_WARN_EMPTY_BODY = YES;
				CLANG_WARN_ENUM_CONVERSION = YES;
				CLANG_WARN_INFINITE_RECURSION = YES;
				CLANG_WARN_INT_CONVERSION = YES;
				CLANG_WARN_OBJC_ROOT_CLASS = YES_ERROR;
				CLANG_WARN_SUSPICIOUS_MOVE = YES;
				CLANG_WARN_UNREACHABLE_CODE = YES;
				CLANG_WARN__DUPLICATE_METHOD_MATCH = YES;
				"CODE_SIGN_IDENTITY[sdk=iphoneos*]" = "iPhone Developer";
				COPY_PHASE_STRIP = NO;
				DEBUG_INFORMATION_FORMAT = "dwarf-with-dsym";
				ENABLE_NS_ASSERTIONS = NO;
				ENABLE_STRICT_OBJC_MSGSEND = YES;
				GCC_C_LANGUAGE_STANDARD = gnu99;
				GCC_NO_COMMON_BLOCKS = YES;
				GCC_WARN_64_TO_32_BIT_CONVERSION = YES;
				GCC_WARN_ABOUT_RETURN_TYPE = YES_ERROR;
				GCC_WARN_UNDECLARED_SELECTOR = YES;
				GCC_WARN_UNINITIALIZED_AUTOS = YES_AGGRESSIVE;
				GCC_WARN_UNUSED_FUNCTION = YES;
				GCC_WARN_UNUSED_VARIABLE = YES;
				IPHONEOS_DEPLOYMENT_TARGET = 10.3;
				MTL_ENABLE_DEBUG_INFO = NO;
				SDKROOT = iphoneos;
				SWIFT_OPTIMIZATION_LEVEL = "-Owholemodule";
				TARGETED_DEVICE_FAMILY = "1,2";
				VALIDATE_PRODUCT = YES;
			};
			name = Release;
		};
		397665CE1F0B4BDF0008D335 /* Debug */ = {
			isa = XCBuildConfiguration;
			buildSettings = {
				ASSETCATALOG_COMPILER_APPICON_NAME = AppIcon;
				DEVELOPMENT_TEAM = P5CU52HEKE;
				INFOPLIST_FILE = Calculator/Info.plist;
				LD_RUNPATH_SEARCH_PATHS = "$(inherited) @executable_path/Frameworks";
				PRODUCT_BUNDLE_IDENTIFIER = com.dropquick.Calculator;
				PRODUCT_NAME = "$(TARGET_NAME)";
				SWIFT_VERSION = 3.0;
			};
			name = Debug;
		};
		397665CF1F0B4BDF0008D335 /* Release */ = {
			isa = XCBuildConfiguration;
			buildSettings = {
				ASSETCATALOG_COMPILER_APPICON_NAME = AppIcon;
				DEVELOPMENT_TEAM = P5CU52HEKE;
				INFOPLIST_FILE = Calculator/Info.plist;
				LD_RUNPATH_SEARCH_PATHS = "$(inherited) @executable_path/Frameworks";
				PRODUCT_BUNDLE_IDENTIFIER = com.dropquick.Calculator;
				PRODUCT_NAME = "$(TARGET_NAME)";
				SWIFT_VERSION = 3.0;
			};
			name = Release;
		};
/* End XCBuildConfiguration section */

/* Begin XCConfigurationList section */
		397665B61F0B4BDF0008D335 /* Build configuration list for PBXProject "Calculator" */ = {
			isa = XCConfigurationList;
			buildConfigurations = (
				397665CB1F0B4BDF0008D335 /* Debug */,
				397665CC1F0B4BDF0008D335 /* Release */,
			);
			defaultConfigurationIsVisible = 0;
			defaultConfigurationName = Release;
		};
		397665CD1F0B4BDF0008D335 /* Build configuration list for PBXNativeTarget "Calculator" */ = {
			isa = XCConfigurationList;
			buildConfigurations = (
				397665CE1F0B4BDF0008D335 /* Debug */,
				397665CF1F0B4BDF0008D335 /* Release */,
			);
			defaultConfigurationIsVisible = 0;
			defaultConfigurationName = Release;
		};
/* End XCConfigurationList section */
	};
	rootObject = 397665B31F0B4BDF0008D335 /* Project object */;
}
